
Microsoft Visual Studio Solution File, Format Version 12.00
# Visual Studio 2012
Project("{FAE04EC0-301F-11D3-BF4B-00C04F79EFBC}") = "Raven.Storage", "Raven.Storage\Raven.Storage.csproj", "{21EB6B89-0CDF-4290-8D3F-7B831425606B}"
EndProject
Project("{FAE04EC0-301F-11D3-BF4B-00C04F79EFBC}") = "Raven.Storage.Tryouts", "Raven.Storage.Tryouts\Raven.Storage.Tryouts.csproj", "{52B73242-A592-468E-92A1-FE94989017AD}"
EndProject
Project("{FAE04EC0-301F-11D3-BF4B-00C04F79EFBC}") = "Raven.Storage.Tests", "Raven.Storage.Tests\Raven.Storage.Tests.csproj", "{0CFB07EA-252E-43EA-BE3E-47A34BC3A949}"
	ProjectSection(ProjectDependencies) = postProject
		{21EB6B89-0CDF-4290-8D3F-7B831425606B} = {21EB6B89-0CDF-4290-8D3F-7B831425606B}
	EndProjectSection
EndProject
Project("{2150E333-8FDC-42A3-9474-1A3956D46DE8}") = "Streams", "Streams", "{CA30513D-B600-486F-A2AB-4502F819EB9A}"
EndProject
Project("{FAE04EC0-301F-11D3-BF4B-00C04F79EFBC}") = "Raven.Streams", "Raven.Streams\Raven.Streams.csproj", "{F08307DC-66B9-48D8-B382-D683E632F398}"
EndProject
Project("{2150E333-8FDC-42A3-9474-1A3956D46DE8}") = ".nuget", ".nuget", "{575E67BF-81BE-40C0-BDA4-36D20EC25C6E}"
	ProjectSection(SolutionItems) = preProject
		.nuget\NuGet.Config = .nuget\NuGet.Config
		.nuget\NuGet.exe = .nuget\NuGet.exe
		.nuget\NuGet.targets = .nuget\NuGet.targets
	EndProjectSection
EndProject
Project("{FAE04EC0-301F-11D3-BF4B-00C04F79EFBC}") = "Raven.Streams.Tests", "Raven.Streams.Tests\Raven.Streams.Tests.csproj", "{E5A16BD2-F695-4859-A95C-E78AD2B1340E}"
EndProject
Project("{FAE04EC0-301F-11D3-BF4B-00C04F79EFBC}") = "Raven.Abstractions", "..\RavenDB\ravendb_ppekrol2\Raven.Abstractions\Raven.Abstractions.csproj", "{41AC479E-1EB2-4D23-AAF2-E4C8DF1BC2BA}"
EndProject
Global
	GlobalSection(SolutionConfigurationPlatforms) = preSolution
		Debug|Any CPU = Debug|Any CPU
		Release|Any CPU = Release|Any CPU
	EndGlobalSection
	GlobalSection(ProjectConfigurationPlatforms) = postSolution
		{21EB6B89-0CDF-4290-8D3F-7B831425606B}.Debug|Any CPU.ActiveCfg = Debug|Any CPU
		{21EB6B89-0CDF-4290-8D3F-7B831425606B}.Debug|Any CPU.Build.0 = Debug|Any CPU
		{21EB6B89-0CDF-4290-8D3F-7B831425606B}.Release|Any CPU.ActiveCfg = Release|Any CPU
		{21EB6B89-0CDF-4290-8D3F-7B831425606B}.Release|Any CPU.Build.0 = Release|Any CPU
		{52B73242-A592-468E-92A1-FE94989017AD}.Debug|Any CPU.ActiveCfg = Debug|Any CPU
		{52B73242-A592-468E-92A1-FE94989017AD}.Debug|Any CPU.Build.0 = Debug|Any CPU
		{52B73242-A592-468E-92A1-FE94989017AD}.Release|Any CPU.ActiveCfg = Release|Any CPU
		{52B73242-A592-468E-92A1-FE94989017AD}.Release|Any CPU.Build.0 = Release|Any CPU
		{0CFB07EA-252E-43EA-BE3E-47A34BC3A949}.Debug|Any CPU.ActiveCfg = Debug|Any CPU
		{0CFB07EA-252E-43EA-BE3E-47A34BC3A949}.Debug|Any CPU.Build.0 = Debug|Any CPU
		{0CFB07EA-252E-43EA-BE3E-47A34BC3A949}.Release|Any CPU.ActiveCfg = Release|Any CPU
		{0CFB07EA-252E-43EA-BE3E-47A34BC3A949}.Release|Any CPU.Build.0 = Release|Any CPU
		{F08307DC-66B9-48D8-B382-D683E632F398}.Debug|Any CPU.ActiveCfg = Debug|Any CPU
		{F08307DC-66B9-48D8-B382-D683E632F398}.Debug|Any CPU.Build.0 = Debug|Any CPU
		{F08307DC-66B9-48D8-B382-D683E632F398}.Release|Any CPU.ActiveCfg = Release|Any CPU
		{F08307DC-66B9-48D8-B382-D683E632F398}.Release|Any CPU.Build.0 = Release|Any CPU
		{E5A16BD2-F695-4859-A95C-E78AD2B1340E}.Debug|Any CPU.ActiveCfg = Debug|Any CPU
		{E5A16BD2-F695-4859-A95C-E78AD2B1340E}.Debug|Any CPU.Build.0 = Debug|Any CPU
		{E5A16BD2-F695-4859-A95C-E78AD2B1340E}.Release|Any CPU.ActiveCfg = Release|Any CPU
		{E5A16BD2-F695-4859-A95C-E78AD2B1340E}.Release|Any CPU.Build.0 = Release|Any CPU
		{41AC479E-1EB2-4D23-AAF2-E4C8DF1BC2BA}.Debug|Any CPU.ActiveCfg = Debug|Any CPU
		{41AC479E-1EB2-4D23-AAF2-E4C8DF1BC2BA}.Debug|Any CPU.Build.0 = Debug|Any CPU
		{41AC479E-1EB2-4D23-AAF2-E4C8DF1BC2BA}.Release|Any CPU.ActiveCfg = Release|Any CPU
		{41AC479E-1EB2-4D23-AAF2-E4C8DF1BC2BA}.Release|Any CPU.Build.0 = Release|Any CPU
	EndGlobalSection
	GlobalSection(SolutionProperties) = preSolution
		HideSolutionNode = FALSE
	EndGlobalSection
	GlobalSection(NestedProjects) = preSolution
		{F08307DC-66B9-48D8-B382-D683E632F398} = {CA30513D-B600-486F-A2AB-4502F819EB9A}
		{E5A16BD2-F695-4859-A95C-E78AD2B1340E} = {CA30513D-B600-486F-A2AB-4502F819EB9A}
	EndGlobalSection
EndGlobal
