
Microsoft Visual Studio Solution File, Format Version 12.00
# Visual Studio 2012
Project("{FAE04EC0-301F-11D3-BF4B-00C04F79EFBC}") = "Raven.Storage", "Raven.Storage\Raven.Storage.csproj", "{21EB6B89-0CDF-4290-8D3F-7B831425606B}"
EndProject
Project("{FAE04EC0-301F-11D3-BF4B-00C04F79EFBC}") = "Raven.Storage.Tryouts", "Raven.Storage.Tryouts\Raven.Storage.Tryouts.csproj", "{52B73242-A592-468E-92A1-FE94989017AD}"
EndProject
Project("{FAE04EC0-301F-11D3-BF4B-00C04F79EFBC}") = "Raven.Storage.Tests", "Raven.Storage.Tests\Raven.Storage.Tests.csproj", "{0CFB07EA-252E-43EA-BE3E-47A34BC3A949}"
	ProjectSection(ProjectDependencies) = postProject
		{21EB6B89-0CDF-4290-8D3F-7B831425606B} = {21EB6B89-0CDF-4290-8D3F-7B831425606B}
	EndProjectSection
EndProject
Project("{2150E333-8FDC-42A3-9474-1A3956D46DE8}") = ".nuget", ".nuget", "{575E67BF-81BE-40C0-BDA4-36D20EC25C6E}"
	ProjectSection(SolutionItems) = preProject
		.nuget\NuGet.Config = .nuget\NuGet.Config
		.nuget\NuGet.exe = .nuget\NuGet.exe
		.nuget\NuGet.targets = .nuget\NuGet.targets
	EndProjectSection
EndProject
Project("{FAE04EC0-301F-11D3-BF4B-00C04F79EFBC}") = "Raven.Storage.Benchmark", "Raven.Storage.Benchmark\Raven.Storage.Benchmark.csproj", "{DE71CA41-1B25-44BB-B12F-A5FF7B3DAFF0}"
EndProject
Project("{FAE04EC0-301F-11D3-BF4B-00C04F79EFBC}") = "Raven.Temp", "Raven.Temp\Raven.Temp.csproj", "{D84A706B-BB17-4E84-B30F-B8FE73166CFD}"
EndProject
Project("{FAE04EC0-301F-11D3-BF4B-00C04F79EFBC}") = "Raven.Aggregation", "Raven.Aggregation\Raven.Aggregation.csproj", "{ECE24C08-59D5-4227-BF13-F5675DDE6CBF}"
EndProject
Project("{FAE04EC0-301F-11D3-BF4B-00C04F79EFBC}") = "Raven.Aggregation.Tests", "Raven.Aggregation.Tests\Raven.Aggregation.Tests.csproj", "{F29215F2-FEFA-456C-9221-3C53E1B2AEF5}"
EndProject
Global
	GlobalSection(SolutionConfigurationPlatforms) = preSolution
		Debug|Any CPU = Debug|Any CPU
		Release|Any CPU = Release|Any CPU
	EndGlobalSection
	GlobalSection(ProjectConfigurationPlatforms) = postSolution
		{21EB6B89-0CDF-4290-8D3F-7B831425606B}.Debug|Any CPU.ActiveCfg = Debug|Any CPU
		{21EB6B89-0CDF-4290-8D3F-7B831425606B}.Debug|Any CPU.Build.0 = Debug|Any CPU
		{21EB6B89-0CDF-4290-8D3F-7B831425606B}.Release|Any CPU.ActiveCfg = Release|Any CPU
		{21EB6B89-0CDF-4290-8D3F-7B831425606B}.Release|Any CPU.Build.0 = Release|Any CPU
		{52B73242-A592-468E-92A1-FE94989017AD}.Debug|Any CPU.ActiveCfg = Debug|Any CPU
		{52B73242-A592-468E-92A1-FE94989017AD}.Debug|Any CPU.Build.0 = Debug|Any CPU
		{52B73242-A592-468E-92A1-FE94989017AD}.Release|Any CPU.ActiveCfg = Release|Any CPU
		{52B73242-A592-468E-92A1-FE94989017AD}.Release|Any CPU.Build.0 = Release|Any CPU
		{0CFB07EA-252E-43EA-BE3E-47A34BC3A949}.Debug|Any CPU.ActiveCfg = Debug|Any CPU
		{0CFB07EA-252E-43EA-BE3E-47A34BC3A949}.Debug|Any CPU.Build.0 = Debug|Any CPU
		{0CFB07EA-252E-43EA-BE3E-47A34BC3A949}.Release|Any CPU.ActiveCfg = Release|Any CPU
		{0CFB07EA-252E-43EA-BE3E-47A34BC3A949}.Release|Any CPU.Build.0 = Release|Any CPU
		{DE71CA41-1B25-44BB-B12F-A5FF7B3DAFF0}.Debug|Any CPU.ActiveCfg = Debug|Any CPU
		{DE71CA41-1B25-44BB-B12F-A5FF7B3DAFF0}.Debug|Any CPU.Build.0 = Debug|Any CPU
		{DE71CA41-1B25-44BB-B12F-A5FF7B3DAFF0}.Release|Any CPU.ActiveCfg = Release|Any CPU
		{DE71CA41-1B25-44BB-B12F-A5FF7B3DAFF0}.Release|Any CPU.Build.0 = Release|Any CPU
		{D84A706B-BB17-4E84-B30F-B8FE73166CFD}.Debug|Any CPU.ActiveCfg = Debug|Any CPU
		{D84A706B-BB17-4E84-B30F-B8FE73166CFD}.Debug|Any CPU.Build.0 = Debug|Any CPU
		{D84A706B-BB17-4E84-B30F-B8FE73166CFD}.Release|Any CPU.ActiveCfg = Release|Any CPU
		{D84A706B-BB17-4E84-B30F-B8FE73166CFD}.Release|Any CPU.Build.0 = Release|Any CPU
		{ECE24C08-59D5-4227-BF13-F5675DDE6CBF}.Debug|Any CPU.ActiveCfg = Debug|Any CPU
		{ECE24C08-59D5-4227-BF13-F5675DDE6CBF}.Debug|Any CPU.Build.0 = Debug|Any CPU
		{ECE24C08-59D5-4227-BF13-F5675DDE6CBF}.Release|Any CPU.ActiveCfg = Release|Any CPU
		{ECE24C08-59D5-4227-BF13-F5675DDE6CBF}.Release|Any CPU.Build.0 = Release|Any CPU
		{F29215F2-FEFA-456C-9221-3C53E1B2AEF5}.Debug|Any CPU.ActiveCfg = Debug|Any CPU
		{F29215F2-FEFA-456C-9221-3C53E1B2AEF5}.Debug|Any CPU.Build.0 = Debug|Any CPU
		{F29215F2-FEFA-456C-9221-3C53E1B2AEF5}.Release|Any CPU.ActiveCfg = Release|Any CPU
		{F29215F2-FEFA-456C-9221-3C53E1B2AEF5}.Release|Any CPU.Build.0 = Release|Any CPU
	EndGlobalSection
	GlobalSection(SolutionProperties) = preSolution
		HideSolutionNode = FALSE
	EndGlobalSection
EndGlobal
